
Microsoft Visual Studio Solution File, Format Version 12.00
# Visual Studio Version 17
VisualStudioVersion = 17.4.33213.308
MinimumVisualStudioVersion = 10.0.40219.1
Project("{FAE04EC0-301F-11D3-BF4B-00C04F79EFBC}") = "MaquinaDeDoces", "MaquinaDeDoces\MaquinaDeDoces.csproj", "{AE769A2B-B9C1-4520-86BA-E9E277976AC1}"
EndProject
Global
	GlobalSection(SolutionConfigurationPlatforms) = preSolution
		Debug|Any CPU = Debug|Any CPU
		Release|Any CPU = Release|Any CPU
	EndGlobalSection
	GlobalSection(ProjectConfigurationPlatforms) = postSolution
		{AE769A2B-B9C1-4520-86BA-E9E277976AC1}.Debug|Any CPU.ActiveCfg = Debug|Any CPU
		{AE769A2B-B9C1-4520-86BA-E9E277976AC1}.Debug|Any CPU.Build.0 = Debug|Any CPU
		{AE769A2B-B9C1-4520-86BA-E9E277976AC1}.Release|Any CPU.ActiveCfg = Release|Any CPU
		{AE769A2B-B9C1-4520-86BA-E9E277976AC1}.Release|Any CPU.Build.0 = Release|Any CPU
	EndGlobalSection
	GlobalSection(SolutionProperties) = preSolution
		HideSolutionNode = FALSE
	EndGlobalSection
	GlobalSection(ExtensibilityGlobals) = postSolution
		SolutionGuid = {7555AAE4-127E-499C-9DF2-C014A7652134}
	EndGlobalSection
EndGlobal
